
Microsoft Visual Studio Solution File, Format Version 12.00
# Visual Studio Version 16
VisualStudioVersion = 16.0.31515.178
MinimumVisualStudioVersion = 10.0.40219.1
Project("{FAE04EC0-301F-11D3-BF4B-00C04F79EFBC}") = "lab3.6", "lab3.6\lab3.6.csproj", "{FE38B725-FEF8-4DF4-9E4F-E16EEF3E4F89}"
EndProject
Global
	GlobalSection(SolutionConfigurationPlatforms) = preSolution
		Debug|Any CPU = Debug|Any CPU
		Release|Any CPU = Release|Any CPU
	EndGlobalSection
	GlobalSection(ProjectConfigurationPlatforms) = postSolution
		{FE38B725-FEF8-4DF4-9E4F-E16EEF3E4F89}.Debug|Any CPU.ActiveCfg = Debug|Any CPU
		{FE38B725-FEF8-4DF4-9E4F-E16EEF3E4F89}.Debug|Any CPU.Build.0 = Debug|Any CPU
		{FE38B725-FEF8-4DF4-9E4F-E16EEF3E4F89}.Release|Any CPU.ActiveCfg = Release|Any CPU
		{FE38B725-FEF8-4DF4-9E4F-E16EEF3E4F89}.Release|Any CPU.Build.0 = Release|Any CPU
	EndGlobalSection
	GlobalSection(SolutionProperties) = preSolution
		HideSolutionNode = FALSE
	EndGlobalSection
	GlobalSection(ExtensibilityGlobals) = postSolution
		SolutionGuid = {AA78AEB9-067C-48E4-BFFB-1A34F974BA74}
	EndGlobalSection
EndGlobal
