
Microsoft Visual Studio Solution File, Format Version 12.00
# Visual Studio Version 16
VisualStudioVersion = 16.0.31515.178
MinimumVisualStudioVersion = 10.0.40219.1
Project("{FAE04EC0-301F-11D3-BF4B-00C04F79EFBC}") = "lab3", "lab3\lab3.csproj", "{B50A7ADB-BB01-4A50-BB02-2041568D4612}"
EndProject
Global
	GlobalSection(SolutionConfigurationPlatforms) = preSolution
		Debug|Any CPU = Debug|Any CPU
		Release|Any CPU = Release|Any CPU
	EndGlobalSection
	GlobalSection(ProjectConfigurationPlatforms) = postSolution
		{B50A7ADB-BB01-4A50-BB02-2041568D4612}.Debug|Any CPU.ActiveCfg = Debug|Any CPU
		{B50A7ADB-BB01-4A50-BB02-2041568D4612}.Debug|Any CPU.Build.0 = Debug|Any CPU
		{B50A7ADB-BB01-4A50-BB02-2041568D4612}.Release|Any CPU.ActiveCfg = Release|Any CPU
		{B50A7ADB-BB01-4A50-BB02-2041568D4612}.Release|Any CPU.Build.0 = Release|Any CPU
	EndGlobalSection
	GlobalSection(SolutionProperties) = preSolution
		HideSolutionNode = FALSE
	EndGlobalSection
	GlobalSection(ExtensibilityGlobals) = postSolution
		SolutionGuid = {8ED6D025-94DA-4DFE-A393-B56F57E07788}
	EndGlobalSection
EndGlobal
